
Microsoft Visual Studio Solution File, Format Version 12.00
# Visual Studio Version 16
VisualStudioVersion = 16.0.30907.101
MinimumVisualStudioVersion = 10.0.40219.1
Project("{FAE04EC0-301F-11D3-BF4B-00C04F79EFBC}") = "TestWPFApp", "TestWPFApp\TestWPFApp.csproj", "{FA0C5282-8812-4800-BB7B-6F76E4A65A04}"
EndProject
Global
	GlobalSection(SolutionConfigurationPlatforms) = preSolution
		Debug|Any CPU = Debug|Any CPU
		Release|Any CPU = Release|Any CPU
	EndGlobalSection
	GlobalSection(ProjectConfigurationPlatforms) = postSolution
		{FA0C5282-8812-4800-BB7B-6F76E4A65A04}.Debug|Any CPU.ActiveCfg = Debug|Any CPU
		{FA0C5282-8812-4800-BB7B-6F76E4A65A04}.Debug|Any CPU.Build.0 = Debug|Any CPU
		{FA0C5282-8812-4800-BB7B-6F76E4A65A04}.Release|Any CPU.ActiveCfg = Release|Any CPU
		{FA0C5282-8812-4800-BB7B-6F76E4A65A04}.Release|Any CPU.Build.0 = Release|Any CPU
	EndGlobalSection
	GlobalSection(SolutionProperties) = preSolution
		HideSolutionNode = FALSE
	EndGlobalSection
	GlobalSection(ExtensibilityGlobals) = postSolution
		EnterpriseLibraryConfigurationToolBinariesPath = packages\Unity.2.1.505.2\lib\NET35
		SolutionGuid = {9D1F165E-1CF1-42FF-B903-B67FF73D8433}
	EndGlobalSection
EndGlobal
