
Microsoft Visual Studio Solution File, Format Version 12.00
# Visual Studio Version 16
VisualStudioVersion = 16.0.30907.101
MinimumVisualStudioVersion = 10.0.40219.1
Project("{FAE04EC0-301F-11D3-BF4B-00C04F79EFBC}") = "TestWPFApp", "TestWPFApp\TestWPFApp.csproj", "{FA0C5282-8812-4800-BB7B-6F76E4A65A04}"
EndProject
Project("{2150E333-8FDC-42A3-9474-1A3956D46DE8}") = "Modules", "Modules", "{C575098E-513B-4DE6-8637-E400AC28D69B}"
EndProject
Project("{FAE04EC0-301F-11D3-BF4B-00C04F79EFBC}") = "DisplayRecordsModule", "DisplayRecordsModule\DisplayRecordsModule.csproj", "{E5645BA7-6164-4F97-9DFF-E199BFD409D4}"
EndProject
Project("{FAE04EC0-301F-11D3-BF4B-00C04F79EFBC}") = "Common", "Common\Common.csproj", "{10EA9C65-87BA-494E-92EC-276345165C0E}"
EndProject
Project("{FAE04EC0-301F-11D3-BF4B-00C04F79EFBC}") = "DisplayRecordsModule.Interfaces", "DisplayRecordsModule.Interfaces\DisplayRecordsModule.Interfaces.csproj", "{41838D9A-5205-45EE-8CF6-C9C9279B874F}"
EndProject
Project("{FAE04EC0-301F-11D3-BF4B-00C04F79EFBC}") = "Services", "Services\Services.csproj", "{A0BDB9EE-9328-4BA1-91B6-285288AF376A}"
EndProject
Project("{2150E333-8FDC-42A3-9474-1A3956D46DE8}") = "Tests", "Tests", "{583853BB-0936-4250-BE20-1C4C92C462AC}"
EndProject
Project("{2150E333-8FDC-42A3-9474-1A3956D46DE8}") = "UnitTests", "UnitTests", "{9E6598FC-3342-4B6F-BC2B-A1DA68341030}"
EndProject
Project("{2150E333-8FDC-42A3-9474-1A3956D46DE8}") = "Modules", "Modules", "{E8BC0A94-FF20-4122-97D9-3759DAE7AA73}"
EndProject
Project("{FAE04EC0-301F-11D3-BF4B-00C04F79EFBC}") = "DisplayRecordsModuleTests", "DisplayRecordsModuleTests\DisplayRecordsModuleTests.csproj", "{9EB1EEA4-D812-4D39-AFE3-7D5C996A89E4}"
EndProject
Global
	GlobalSection(SolutionConfigurationPlatforms) = preSolution
		Debug|Any CPU = Debug|Any CPU
		Release|Any CPU = Release|Any CPU
	EndGlobalSection
	GlobalSection(ProjectConfigurationPlatforms) = postSolution
		{FA0C5282-8812-4800-BB7B-6F76E4A65A04}.Debug|Any CPU.ActiveCfg = Debug|Any CPU
		{FA0C5282-8812-4800-BB7B-6F76E4A65A04}.Debug|Any CPU.Build.0 = Debug|Any CPU
		{FA0C5282-8812-4800-BB7B-6F76E4A65A04}.Release|Any CPU.ActiveCfg = Release|Any CPU
		{FA0C5282-8812-4800-BB7B-6F76E4A65A04}.Release|Any CPU.Build.0 = Release|Any CPU
		{E5645BA7-6164-4F97-9DFF-E199BFD409D4}.Debug|Any CPU.ActiveCfg = Debug|Any CPU
		{E5645BA7-6164-4F97-9DFF-E199BFD409D4}.Debug|Any CPU.Build.0 = Debug|Any CPU
		{E5645BA7-6164-4F97-9DFF-E199BFD409D4}.Release|Any CPU.ActiveCfg = Release|Any CPU
		{E5645BA7-6164-4F97-9DFF-E199BFD409D4}.Release|Any CPU.Build.0 = Release|Any CPU
		{10EA9C65-87BA-494E-92EC-276345165C0E}.Debug|Any CPU.ActiveCfg = Debug|Any CPU
		{10EA9C65-87BA-494E-92EC-276345165C0E}.Debug|Any CPU.Build.0 = Debug|Any CPU
		{10EA9C65-87BA-494E-92EC-276345165C0E}.Release|Any CPU.ActiveCfg = Release|Any CPU
		{10EA9C65-87BA-494E-92EC-276345165C0E}.Release|Any CPU.Build.0 = Release|Any CPU
		{41838D9A-5205-45EE-8CF6-C9C9279B874F}.Debug|Any CPU.ActiveCfg = Debug|Any CPU
		{41838D9A-5205-45EE-8CF6-C9C9279B874F}.Debug|Any CPU.Build.0 = Debug|Any CPU
		{41838D9A-5205-45EE-8CF6-C9C9279B874F}.Release|Any CPU.ActiveCfg = Release|Any CPU
		{41838D9A-5205-45EE-8CF6-C9C9279B874F}.Release|Any CPU.Build.0 = Release|Any CPU
		{A0BDB9EE-9328-4BA1-91B6-285288AF376A}.Debug|Any CPU.ActiveCfg = Debug|Any CPU
		{A0BDB9EE-9328-4BA1-91B6-285288AF376A}.Debug|Any CPU.Build.0 = Debug|Any CPU
		{A0BDB9EE-9328-4BA1-91B6-285288AF376A}.Release|Any CPU.ActiveCfg = Release|Any CPU
		{A0BDB9EE-9328-4BA1-91B6-285288AF376A}.Release|Any CPU.Build.0 = Release|Any CPU
		{9EB1EEA4-D812-4D39-AFE3-7D5C996A89E4}.Debug|Any CPU.ActiveCfg = Debug|Any CPU
		{9EB1EEA4-D812-4D39-AFE3-7D5C996A89E4}.Debug|Any CPU.Build.0 = Debug|Any CPU
		{9EB1EEA4-D812-4D39-AFE3-7D5C996A89E4}.Release|Any CPU.ActiveCfg = Release|Any CPU
		{9EB1EEA4-D812-4D39-AFE3-7D5C996A89E4}.Release|Any CPU.Build.0 = Release|Any CPU
	EndGlobalSection
	GlobalSection(SolutionProperties) = preSolution
		HideSolutionNode = FALSE
	EndGlobalSection
	GlobalSection(NestedProjects) = preSolution
		{E5645BA7-6164-4F97-9DFF-E199BFD409D4} = {C575098E-513B-4DE6-8637-E400AC28D69B}
		{41838D9A-5205-45EE-8CF6-C9C9279B874F} = {C575098E-513B-4DE6-8637-E400AC28D69B}
		{9E6598FC-3342-4B6F-BC2B-A1DA68341030} = {583853BB-0936-4250-BE20-1C4C92C462AC}
		{E8BC0A94-FF20-4122-97D9-3759DAE7AA73} = {9E6598FC-3342-4B6F-BC2B-A1DA68341030}
		{9EB1EEA4-D812-4D39-AFE3-7D5C996A89E4} = {E8BC0A94-FF20-4122-97D9-3759DAE7AA73}
	EndGlobalSection
	GlobalSection(ExtensibilityGlobals) = postSolution
		EnterpriseLibraryConfigurationToolBinariesPath = packages\Unity.2.1.505.2\lib\NET35
		SolutionGuid = {9D1F165E-1CF1-42FF-B903-B67FF73D8433}
	EndGlobalSection
EndGlobal
